// !$*UTF8*$!
{
	archiveVersion = 1;
	classes = {
	};
	objectVersion = 46;
	objects = {

/* Begin PBXBuildFile section */
		60ACFE681ECD5A6900C95717 /* AppDelegate.swift in Sources */ = {isa = PBXBuildFile; fileRef = 60ACFE671ECD5A6900C95717 /* AppDelegate.swift */; };
		60ACFE6A1ECD5A6900C95717 /* ViewController.swift in Sources */ = {isa = PBXBuildFile; fileRef = 60ACFE691ECD5A6900C95717 /* ViewController.swift */; };
		60ACFE6D1ECD5A6A00C95717 /* Main.storyboard in Resources */ = {isa = PBXBuildFile; fileRef = 60ACFE6B1ECD5A6A00C95717 /* Main.storyboard */; };
		60ACFE6F1ECD5A6A00C95717 /* Assets.xcassets in Resources */ = {isa = PBXBuildFile; fileRef = 60ACFE6E1ECD5A6A00C95717 /* Assets.xcassets */; };
		60ACFE721ECD5A6A00C95717 /* LaunchScreen.storyboard in Resources */ = {isa = PBXBuildFile; fileRef = 60ACFE701ECD5A6A00C95717 /* LaunchScreen.storyboard */; };
		60ACFE7D1ECD5A6A00C95717 /* IOSFileManagementTests.swift in Sources */ = {isa = PBXBuildFile; fileRef = 60ACFE7C1ECD5A6A00C95717 /* IOSFileManagementTests.swift */; };
		60ACFE881ECD5A6A00C95717 /* IOSFileManagementUITests.swift in Sources */ = {isa = PBXBuildFile; fileRef = 60ACFE871ECD5A6A00C95717 /* IOSFileManagementUITests.swift */; };
/* End PBXBuildFile section */

/* Begin PBXContainerItemProxy section */
		60ACFE791ECD5A6A00C95717 /* PBXContainerItemProxy */ = {
			isa = PBXContainerItemProxy;
			containerPortal = 60ACFE5C1ECD5A6900C95717 /* Project object */;
			proxyType = 1;
			remoteGlobalIDString = 60ACFE631ECD5A6900C95717;
			remoteInfo = IOSFileManagement;
		};
		60ACFE841ECD5A6A00C95717 /* PBXContainerItemProxy */ = {
			isa = PBXContainerItemProxy;
			containerPortal = 60ACFE5C1ECD5A6900C95717 /* Project object */;
			proxyType = 1;
			remoteGlobalIDString = 60ACFE631ECD5A6900C95717;
			remoteInfo = IOSFileManagement;
		};
/* End PBXContainerItemProxy section */

/* Begin PBXFileReference section */
		60ACFE641ECD5A6900C95717 /* IOSFileManagement.app */ = {isa = PBXFileReference; explicitFileType = wrapper.application; includeInIndex = 0; path = IOSFileManagement.app; sourceTree = BUILT_PRODUCTS_DIR; };
		60ACFE671ECD5A6900C95717 /* AppDelegate.swift */ = {isa = PBXFileReference; lastKnownFileType = sourcecode.swift; path = AppDelegate.swift; sourceTree = "<group>"; };
		60ACFE691ECD5A6900C95717 /* ViewController.swift */ = {isa = PBXFileReference; lastKnownFileType = sourcecode.swift; path = ViewController.swift; sourceTree = "<group>"; };
		60ACFE6C1ECD5A6A00C95717 /* Base */ = {isa = PBXFileReference; lastKnownFileType = file.storyboard; name = Base; path = Base.lproj/Main.storyboard; sourceTree = "<group>"; };
		60ACFE6E1ECD5A6A00C95717 /* Assets.xcassets */ = {isa = PBXFileReference; lastKnownFileType = folder.assetcatalog; path = Assets.xcassets; sourceTree = "<group>"; };
		60ACFE711ECD5A6A00C95717 /* Base */ = {isa = PBXFileReference; lastKnownFileType = file.storyboard; name = Base; path = Base.lproj/LaunchScreen.storyboard; sourceTree = "<group>"; };
		60ACFE731ECD5A6A00C95717 /* Info.plist */ = {isa = PBXFileReference; lastKnownFileType = text.plist.xml; path = Info.plist; sourceTree = "<group>"; };
		60ACFE781ECD5A6A00C95717 /* IOSFileManagementTests.xctest */ = {isa = PBXFileReference; explicitFileType = wrapper.cfbundle; includeInIndex = 0; path = IOSFileManagementTests.xctest; sourceTree = BUILT_PRODUCTS_DIR; };
		60ACFE7C1ECD5A6A00C95717 /* IOSFileManagementTests.swift */ = {isa = PBXFileReference; lastKnownFileType = sourcecode.swift; path = IOSFileManagementTests.swift; sourceTree = "<group>"; };
		60ACFE7E1ECD5A6A00C95717 /* Info.plist */ = {isa = PBXFileReference; lastKnownFileType = text.plist.xml; path = Info.plist; sourceTree = "<group>"; };
		60ACFE831ECD5A6A00C95717 /* IOSFileManagementUITests.xctest */ = {isa = PBXFileReference; explicitFileType = wrapper.cfbundle; includeInIndex = 0; path = IOSFileManagementUITests.xctest; sourceTree = BUILT_PRODUCTS_DIR; };
		60ACFE871ECD5A6A00C95717 /* IOSFileManagementUITests.swift */ = {isa = PBXFileReference; lastKnownFileType = sourcecode.swift; path = IOSFileManagementUITests.swift; sourceTree = "<group>"; };
		60ACFE891ECD5A6A00C95717 /* Info.plist */ = {isa = PBXFileReference; lastKnownFileType = text.plist.xml; path = Info.plist; sourceTree = "<group>"; };
/* End PBXFileReference section */

/* Begin PBXFrameworksBuildPhase section */
		60ACFE611ECD5A6900C95717 /* Frameworks */ = {
			isa = PBXFrameworksBuildPhase;
			buildActionMask = 2147483647;
			files = (
			);
			runOnlyForDeploymentPostprocessing = 0;
		};
		60ACFE751ECD5A6A00C95717 /* Frameworks */ = {
			isa = PBXFrameworksBuildPhase;
			buildActionMask = 2147483647;
			files = (
			);
			runOnlyForDeploymentPostprocessing = 0;
		};
		60ACFE801ECD5A6A00C95717 /* Frameworks */ = {
			isa = PBXFrameworksBuildPhase;
			buildActionMask = 2147483647;
			files = (
			);
			runOnlyForDeploymentPostprocessing = 0;
		};
/* End PBXFrameworksBuildPhase section */

/* Begin PBXGroup section */
		60ACFE5B1ECD5A6900C95717 = {
			isa = PBXGroup;
			children = (
				60ACFE661ECD5A6900C95717 /* IOSFileManagement */,
				60ACFE7B1ECD5A6A00C95717 /* IOSFileManagementTests */,
				60ACFE861ECD5A6A00C95717 /* IOSFileManagementUITests */,
				60ACFE651ECD5A6900C95717 /* Products */,
			);
			sourceTree = "<group>";
		};
		60ACFE651ECD5A6900C95717 /* Products */ = {
			isa = PBXGroup;
			children = (
				60ACFE641ECD5A6900C95717 /* IOSFileManagement.app */,
				60ACFE781ECD5A6A00C95717 /* IOSFileManagementTests.xctest */,
				60ACFE831ECD5A6A00C95717 /* IOSFileManagementUITests.xctest */,
			);
			name = Products;
			sourceTree = "<group>";
		};
		60ACFE661ECD5A6900C95717 /* IOSFileManagement */ = {
			isa = PBXGroup;
			children = (
				60ACFE671ECD5A6900C95717 /* AppDelegate.swift */,
				60ACFE691ECD5A6900C95717 /* ViewController.swift */,
				60ACFE6B1ECD5A6A00C95717 /* Main.storyboard */,
				60ACFE6E1ECD5A6A00C95717 /* Assets.xcassets */,
				60ACFE701ECD5A6A00C95717 /* LaunchScreen.storyboard */,
				60ACFE731ECD5A6A00C95717 /* Info.plist */,
			);
			path = IOSFileManagement;
			sourceTree = "<group>";
		};
		60ACFE7B1ECD5A6A00C95717 /* IOSFileManagementTests */ = {
			isa = PBXGroup;
			children = (
				60ACFE7C1ECD5A6A00C95717 /* IOSFileManagementTests.swift */,
				60ACFE7E1ECD5A6A00C95717 /* Info.plist */,
			);
			path = IOSFileManagementTests;
			sourceTree = "<group>";
		};
		60ACFE861ECD5A6A00C95717 /* IOSFileManagementUITests */ = {
			isa = PBXGroup;
			children = (
				60ACFE871ECD5A6A00C95717 /* IOSFileManagementUITests.swift */,
				60ACFE891ECD5A6A00C95717 /* Info.plist */,
			);
			path = IOSFileManagementUITests;
			sourceTree = "<group>";
		};
/* End PBXGroup section */

/* Begin PBXNativeTarget section */
		60ACFE631ECD5A6900C95717 /* IOSFileManagement */ = {
			isa = PBXNativeTarget;
			buildConfigurationList = 60ACFE8C1ECD5A6A00C95717 /* Build configuration list for PBXNativeTarget "IOSFileManagement" */;
			buildPhases = (
				60ACFE601ECD5A6900C95717 /* Sources */,
				60ACFE611ECD5A6900C95717 /* Frameworks */,
				60ACFE621ECD5A6900C95717 /* Resources */,
			);
			buildRules = (
			);
			dependencies = (
			);
			name = IOSFileManagement;
			productName = IOSFileManagement;
			productReference = 60ACFE641ECD5A6900C95717 /* IOSFileManagement.app */;
			productType = "com.apple.product-type.application";
		};
		60ACFE771ECD5A6A00C95717 /* IOSFileManagementTests */ = {
			isa = PBXNativeTarget;
			buildConfigurationList = 60ACFE8F1ECD5A6A00C95717 /* Build configuration list for PBXNativeTarget "IOSFileManagementTests" */;
			buildPhases = (
				60ACFE741ECD5A6A00C95717 /* Sources */,
				60ACFE751ECD5A6A00C95717 /* Frameworks */,
				60ACFE761ECD5A6A00C95717 /* Resources */,
			);
			buildRules = (
			);
			dependencies = (
				60ACFE7A1ECD5A6A00C95717 /* PBXTargetDependency */,
			);
			name = IOSFileManagementTests;
			productName = IOSFileManagementTests;
			productReference = 60ACFE781ECD5A6A00C95717 /* IOSFileManagementTests.xctest */;
			productType = "com.apple.product-type.bundle.unit-test";
		};
		60ACFE821ECD5A6A00C95717 /* IOSFileManagementUITests */ = {
			isa = PBXNativeTarget;
			buildConfigurationList = 60ACFE921ECD5A6A00C95717 /* Build configuration list for PBXNativeTarget "IOSFileManagementUITests" */;
			buildPhases = (
				60ACFE7F1ECD5A6A00C95717 /* Sources */,
				60ACFE801ECD5A6A00C95717 /* Frameworks */,
				60ACFE811ECD5A6A00C95717 /* Resources */,
			);
			buildRules = (
			);
			dependencies = (
				60ACFE851ECD5A6A00C95717 /* PBXTargetDependency */,
			);
			name = IOSFileManagementUITests;
			productName = IOSFileManagementUITests;
			productReference = 60ACFE831ECD5A6A00C95717 /* IOSFileManagementUITests.xctest */;
			productType = "com.apple.product-type.bundle.ui-testing";
		};
/* End PBXNativeTarget section */

/* Begin PBXProject section */
		60ACFE5C1ECD5A6900C95717 /* Project object */ = {
			isa = PBXProject;
			attributes = {
				LastSwiftUpdateCheck = 0830;
				LastUpgradeCheck = 0830;
				ORGANIZATIONNAME = healer;
				TargetAttributes = {
					60ACFE631ECD5A6900C95717 = {
						CreatedOnToolsVersion = 8.3.1;
						ProvisioningStyle = Automatic;
					};
					60ACFE771ECD5A6A00C95717 = {
						CreatedOnToolsVersion = 8.3.1;
						ProvisioningStyle = Automatic;
						TestTargetID = 60ACFE631ECD5A6900C95717;
					};
					60ACFE821ECD5A6A00C95717 = {
						CreatedOnToolsVersion = 8.3.1;
						ProvisioningStyle = Automatic;
						TestTargetID = 60ACFE631ECD5A6900C95717;
					};
				};
			};
			buildConfigurationList = 60ACFE5F1ECD5A6900C95717 /* Build configuration list for PBXProject "IOSFileManagement" */;
			compatibilityVersion = "Xcode 3.2";
			developmentRegion = English;
			hasScannedForEncodings = 0;
			knownRegions = (
				en,
				Base,
			);
			mainGroup = 60ACFE5B1ECD5A6900C95717;
			productRefGroup = 60ACFE651ECD5A6900C95717 /* Products */;
			projectDirPath = "";
			projectRoot = "";
			targets = (
				60ACFE631ECD5A6900C95717 /* IOSFileManagement */,
				60ACFE771ECD5A6A00C95717 /* IOSFileManagementTests */,
				60ACFE821ECD5A6A00C95717 /* IOSFileManagementUITests */,
			);
		};
/* End PBXProject section */

/* Begin PBXResourcesBuildPhase section */
		60ACFE621ECD5A6900C95717 /* Resources */ = {
			isa = PBXResourcesBuildPhase;
			buildActionMask = 2147483647;
			files = (
				60ACFE721ECD5A6A00C95717 /* LaunchScreen.storyboard in Resources */,
				60ACFE6F1ECD5A6A00C95717 /* Assets.xcassets in Resources */,
				60ACFE6D1ECD5A6A00C95717 /* Main.storyboard in Resources */,
			);
			runOnlyForDeploymentPostprocessing = 0;
		};
		60ACFE761ECD5A6A00C95717 /* Resources */ = {
			isa = PBXResourcesBuildPhase;
			buildActionMask = 2147483647;
			files = (
			);
			runOnlyForDeploymentPostprocessing = 0;
		};
		60ACFE811ECD5A6A00C95717 /* Resources */ = {
			isa = PBXResourcesBuildPhase;
			buildActionMask = 2147483647;
			files = (
			);
			runOnlyForDeploymentPostprocessing = 0;
		};
/* End PBXResourcesBuildPhase section */

/* Begin PBXSourcesBuildPhase section */
		60ACFE601ECD5A6900C95717 /* Sources */ = {
			isa = PBXSourcesBuildPhase;
			buildActionMask = 2147483647;
			files = (
				60ACFE6A1ECD5A6900C95717 /* ViewController.swift in Sources */,
				60ACFE681ECD5A6900C95717 /* AppDelegate.swift in Sources */,
			);
			runOnlyForDeploymentPostprocessing = 0;
		};
		60ACFE741ECD5A6A00C95717 /* Sources */ = {
			isa = PBXSourcesBuildPhase;
			buildActionMask = 2147483647;
			files = (
				60ACFE7D1ECD5A6A00C95717 /* IOSFileManagementTests.swift in Sources */,
			);
			runOnlyForDeploymentPostprocessing = 0;
		};
		60ACFE7F1ECD5A6A00C95717 /* Sources */ = {
			isa = PBXSourcesBuildPhase;
			buildActionMask = 2147483647;
			files = (
				60ACFE881ECD5A6A00C95717 /* IOSFileManagementUITests.swift in Sources */,
			);
			runOnlyForDeploymentPostprocessing = 0;
		};
/* End PBXSourcesBuildPhase section */

/* Begin PBXTargetDependency section */
		60ACFE7A1ECD5A6A00C95717 /* PBXTargetDependency */ = {
			isa = PBXTargetDependency;
			target = 60ACFE631ECD5A6900C95717 /* IOSFileManagement */;
			targetProxy = 60ACFE791ECD5A6A00C95717 /* PBXContainerItemProxy */;
		};
		60ACFE851ECD5A6A00C95717 /* PBXTargetDependency */ = {
			isa = PBXTargetDependency;
			target = 60ACFE631ECD5A6900C95717 /* IOSFileManagement */;
			targetProxy = 60ACFE841ECD5A6A00C95717 /* PBXContainerItemProxy */;
		};
/* End PBXTargetDependency section */

/* Begin PBXVariantGroup section */
		60ACFE6B1ECD5A6A00C95717 /* Main.storyboard */ = {
			isa = PBXVariantGroup;
			children = (
				60ACFE6C1ECD5A6A00C95717 /* Base */,
			);
			name = Main.storyboard;
			sourceTree = "<group>";
		};
		60ACFE701ECD5A6A00C95717 /* LaunchScreen.storyboard */ = {
			isa = PBXVariantGroup;
			children = (
				60ACFE711ECD5A6A00C95717 /* Base */,
			);
			name = LaunchScreen.storyboard;
			sourceTree = "<group>";
		};
/* End PBXVariantGroup section */

/* Begin XCBuildConfiguration section */
		60ACFE8A1ECD5A6A00C95717 /* Debug */ = {
			isa = XCBuildConfiguration;
			buildSettings = {
				ALWAYS_SEARCH_USER_PATHS = NO;
				CLANG_ANALYZER_NONNULL = YES;
				CLANG_ANALYZER_NUMBER_OBJECT_CONVERSION = YES_AGGRESSIVE;
				CLANG_CXX_LANGUAGE_STANDARD = "gnu++0x";
				CLANG_CXX_LIBRARY = "libc++";
				CLANG_ENABLE_MODULES = YES;
				CLANG_ENABLE_OBJC_ARC = YES;
				CLANG_WARN_BOOL_CONVERSION = YES;
				CLANG_WARN_CONSTANT_CONVERSION = YES;
				CLANG_WARN_DIRECT_OBJC_ISA_USAGE = YES_ERROR;
				CLANG_WARN_DOCUMENTATION_COMMENTS = YES;
				CLANG_WARN_EMPTY_BODY = YES;
				CLANG_WARN_ENUM_CONVERSION = YES;
				CLANG_WARN_INFINITE_RECURSION = YES;
				CLANG_WARN_INT_CONVERSION = YES;
				CLANG_WARN_OBJC_ROOT_CLASS = YES_ERROR;
				CLANG_WARN_SUSPICIOUS_MOVE = YES;
				CLANG_WARN_UNREACHABLE_CODE = YES;
				CLANG_WARN__DUPLICATE_METHOD_MATCH = YES;
				"CODE_SIGN_IDENTITY[sdk=iphoneos*]" = "iPhone Developer";
				COPY_PHASE_STRIP = NO;
				DEBUG_INFORMATION_FORMAT = dwarf;
				ENABLE_STRICT_OBJC_MSGSEND = YES;
				ENABLE_TESTABILITY = YES;
				GCC_C_LANGUAGE_STANDARD = gnu99;
				GCC_DYNAMIC_NO_PIC = NO;
				GCC_NO_COMMON_BLOCKS = YES;
				GCC_OPTIMIZATION_LEVEL = 0;
				GCC_PREPROCESSOR_DEFINITIONS = (
					"DEBUG=1",
					"$(inherited)",
				);
				GCC_WARN_64_TO_32_BIT_CONVERSION = YES;
				GCC_WARN_ABOUT_RETURN_TYPE = YES_ERROR;
				GCC_WARN_UNDECLARED_SELECTOR = YES;
				GCC_WARN_UNINITIALIZED_AUTOS = YES_AGGRESSIVE;
				GCC_WARN_UNUSED_FUNCTION = YES;
				GCC_WARN_UNUSED_VARIABLE = YES;
				IPHONEOS_DEPLOYMENT_TARGET = 10.3;
				MTL_ENABLE_DEBUG_INFO = YES;
				ONLY_ACTIVE_ARCH = YES;
				SDKROOT = iphoneos;
				SWIFT_ACTIVE_COMPILATION_CONDITIONS = DEBUG;
				SWIFT_OPTIMIZATION_LEVEL = "-Onone";
			};
			name = Debug;
		};
		60ACFE8B1ECD5A6A00C95717 /* Release */ = {
			isa = XCBuildConfiguration;
			buildSettings = {
				ALWAYS_SEARCH_USER_PATHS = NO;
				CLANG_ANALYZER_NONNULL = YES;
				CLANG_ANALYZER_NUMBER_OBJECT_CONVERSION = YES_AGGRESSIVE;
				CLANG_CXX_LANGUAGE_STANDARD = "gnu++0x";
				CLANG_CXX_LIBRARY = "libc++";
				CLANG_ENABLE_MODULES = YES;
				CLANG_ENABLE_OBJC_ARC = YES;
				CLANG_WARN_BOOL_CONVERSION = YES;
				CLANG_WARN_CONSTANT_CONVERSION = YES;
				CLANG_WARN_DIRECT_OBJC_ISA_USAGE = YES_ERROR;
				CLANG_WARN_DOCUMENTATION_COMMENTS = YES;
				CLANG_WARN_EMPTY_BODY = YES;
				CLANG_WARN_ENUM_CONVERSION = YES;
				CLANG_WARN_INFINITE_RECURSION = YES;
				CLANG_WARN_INT_CONVERSION = YES;
				CLANG_WARN_OBJC_ROOT_CLASS = YES_ERROR;
				CLANG_WARN_SUSPICIOUS_MOVE = YES;
				CLANG_WARN_UNREACHABLE_CODE = YES;
				CLANG_WARN__DUPLICATE_METHOD_MATCH = YES;
				"CODE_SIGN_IDENTITY[sdk=iphoneos*]" = "iPhone Developer";
				COPY_PHASE_STRIP = NO;
				DEBUG_INFORMATION_FORMAT = "dwarf-with-dsym";
				ENABLE_NS_ASSERTIONS = NO;
				ENABLE_STRICT_OBJC_MSGSEND = YES;
				GCC_C_LANGUAGE_STANDARD = gnu99;
				GCC_NO_COMMON_BLOCKS = YES;
				GCC_WARN_64_TO_32_BIT_CONVERSION = YES;
				GCC_WARN_ABOUT_RETURN_TYPE = YES_ERROR;
				GCC_WARN_UNDECLARED_SELECTOR = YES;
				GCC_WARN_UNINITIALIZED_AUTOS = YES_AGGRESSIVE;
				GCC_WARN_UNUSED_FUNCTION = YES;
				GCC_WARN_UNUSED_VARIABLE = YES;
				IPHONEOS_DEPLOYMENT_TARGET = 10.3;
				MTL_ENABLE_DEBUG_INFO = NO;
				SDKROOT = iphoneos;
				SWIFT_OPTIMIZATION_LEVEL = "-Owholemodule";
				VALIDATE_PRODUCT = YES;
			};
			name = Release;
		};
		60ACFE8D1ECD5A6A00C95717 /* Debug */ = {
			isa = XCBuildConfiguration;
			buildSettings = {
				ASSETCATALOG_COMPILER_APPICON_NAME = AppIcon;
				INFOPLIST_FILE = IOSFileManagement/Info.plist;
				LD_RUNPATH_SEARCH_PATHS = "$(inherited) @executable_path/Frameworks";
				PRODUCT_BUNDLE_IDENTIFIER = com.healer.IOSFileManagement;
				PRODUCT_NAME = "$(TARGET_NAME)";
				SWIFT_VERSION = 3.0;
			};
			name = Debug;
		};
		60ACFE8E1ECD5A6A00C95717 /* Release */ = {
			isa = XCBuildConfiguration;
			buildSettings = {
				ASSETCATALOG_COMPILER_APPICON_NAME = AppIcon;
				INFOPLIST_FILE = IOSFileManagement/Info.plist;
				LD_RUNPATH_SEARCH_PATHS = "$(inherited) @executable_path/Frameworks";
				PRODUCT_BUNDLE_IDENTIFIER = com.healer.IOSFileManagement;
				PRODUCT_NAME = "$(TARGET_NAME)";
				SWIFT_VERSION = 3.0;
			};
			name = Release;
		};
		60ACFE901ECD5A6A00C95717 /* Debug */ = {
			isa = XCBuildConfiguration;
			buildSettings = {
				ALWAYS_EMBED_SWIFT_STANDARD_LIBRARIES = YES;
				BUNDLE_LOADER = "$(TEST_HOST)";
				INFOPLIST_FILE = IOSFileManagementTests/Info.plist;
				LD_RUNPATH_SEARCH_PATHS = "$(inherited) @executable_path/Frameworks @loader_path/Frameworks";
				PRODUCT_BUNDLE_IDENTIFIER = com.healer.IOSFileManagementTests;
				PRODUCT_NAME = "$(TARGET_NAME)";
				SWIFT_VERSION = 3.0;
				TEST_HOST = "$(BUILT_PRODUCTS_DIR)/IOSFileManagement.app/IOSFileManagement";
			};
			name = Debug;
		};
		60ACFE911ECD5A6A00C95717 /* Release */ = {
			isa = XCBuildConfiguration;
			buildSettings = {
				ALWAYS_EMBED_SWIFT_STANDARD_LIBRARIES = YES;
				BUNDLE_LOADER = "$(TEST_HOST)";
				INFOPLIST_FILE = IOSFileManagementTests/Info.plist;
				LD_RUNPATH_SEARCH_PATHS = "$(inherited) @executable_path/Frameworks @loader_path/Frameworks";
				PRODUCT_BUNDLE_IDENTIFIER = com.healer.IOSFileManagementTests;
				PRODUCT_NAME = "$(TARGET_NAME)";
				SWIFT_VERSION = 3.0;
				TEST_HOST = "$(BUILT_PRODUCTS_DIR)/IOSFileManagement.app/IOSFileManagement";
			};
			name = Release;
		};
		60ACFE931ECD5A6A00C95717 /* Debug */ = {
			isa = XCBuildConfiguration;
			buildSettings = {
				ALWAYS_EMBED_SWIFT_STANDARD_LIBRARIES = YES;
				INFOPLIST_FILE = IOSFileManagementUITests/Info.plist;
				LD_RUNPATH_SEARCH_PATHS = "$(inherited) @executable_path/Frameworks @loader_path/Frameworks";
				PRODUCT_BUNDLE_IDENTIFIER = com.healer.IOSFileManagementUITests;
				PRODUCT_NAME = "$(TARGET_NAME)";
				SWIFT_VERSION = 3.0;
				TEST_TARGET_NAME = IOSFileManagement;
			};
			name = Debug;
		};
		60ACFE941ECD5A6A00C95717 /* Release */ = {
			isa = XCBuildConfiguration;
			buildSettings = {
				ALWAYS_EMBED_SWIFT_STANDARD_LIBRARIES = YES;
				INFOPLIST_FILE = IOSFileManagementUITests/Info.plist;
				LD_RUNPATH_SEARCH_PATHS = "$(inherited) @executable_path/Frameworks @loader_path/Frameworks";
				PRODUCT_BUNDLE_IDENTIFIER = com.healer.IOSFileManagementUITests;
				PRODUCT_NAME = "$(TARGET_NAME)";
				SWIFT_VERSION = 3.0;
				TEST_TARGET_NAME = IOSFileManagement;
			};
			name = Release;
		};
/* End XCBuildConfiguration section */

/* Begin XCConfigurationList section */
		60ACFE5F1ECD5A6900C95717 /* Build configuration list for PBXProject "IOSFileManagement" */ = {
			isa = XCConfigurationList;
			buildConfigurations = (
				60ACFE8A1ECD5A6A00C95717 /* Debug */,
				60ACFE8B1ECD5A6A00C95717 /* Release */,
			);
			defaultConfigurationIsVisible = 0;
			defaultConfigurationName = Release;
		};
		60ACFE8C1ECD5A6A00C95717 /* Build configuration list for PBXNativeTarget "IOSFileManagement" */ = {
			isa = XCConfigurationList;
			buildConfigurations = (
				60ACFE8D1ECD5A6A00C95717 /* Debug */,
				60ACFE8E1ECD5A6A00C95717 /* Release */,
			);
			defaultConfigurationIsVisible = 0;
		};
		60ACFE8F1ECD5A6A00C95717 /* Build configuration list for PBXNativeTarget "IOSFileManagementTests" */ = {
			isa = XCConfigurationList;
			buildConfigurations = (
				60ACFE901ECD5A6A00C95717 /* Debug */,
				60ACFE911ECD5A6A00C95717 /* Release */,
			);
			defaultConfigurationIsVisible = 0;
		};
		60ACFE921ECD5A6A00C95717 /* Build configuration list for PBXNativeTarget "IOSFileManagementUITests" */ = {
			isa = XCConfigurationList;
			buildConfigurations = (
				60ACFE931ECD5A6A00C95717 /* Debug */,
				60ACFE941ECD5A6A00C95717 /* Release */,
			);
			defaultConfigurationIsVisible = 0;
		};
/* End XCConfigurationList section */
	};
	rootObject = 60ACFE5C1ECD5A6900C95717 /* Project object */;
}
